
Microsoft Visual Studio Solution File, Format Version 12.00
# Visual Studio Version 17
VisualStudioVersion = 17.0.31903.59
MinimumVisualStudioVersion = 10.0.40219.1
Project("{2150E333-8FDC-42A3-9474-1A3956D46DE8}") = "src", "src", "{AC3409AA-701E-4EF2-971E-FD1622B2EE92}"
EndProject
Project("{FAE04EC0-301F-11D3-BF4B-00C04F79EFBC}") = "Web2.API", "src\Web2.API\Web2.API.csproj", "{D5A09A17-233F-4927-9160-7EB5D8EC40AB}"
EndProject
Global
	GlobalSection(SolutionConfigurationPlatforms) = preSolution
		Debug|Any CPU = Debug|Any CPU
		Release|Any CPU = Release|Any CPU
	EndGlobalSection
	GlobalSection(SolutionProperties) = preSolution
		HideSolutionNode = FALSE
	EndGlobalSection
	GlobalSection(ProjectConfigurationPlatforms) = postSolution
		{D5A09A17-233F-4927-9160-7EB5D8EC40AB}.Debug|Any CPU.ActiveCfg = Debug|Any CPU
		{D5A09A17-233F-4927-9160-7EB5D8EC40AB}.Debug|Any CPU.Build.0 = Debug|Any CPU
		{D5A09A17-233F-4927-9160-7EB5D8EC40AB}.Release|Any CPU.ActiveCfg = Release|Any CPU
		{D5A09A17-233F-4927-9160-7EB5D8EC40AB}.Release|Any CPU.Build.0 = Release|Any CPU
	EndGlobalSection
	GlobalSection(NestedProjects) = preSolution
		{D5A09A17-233F-4927-9160-7EB5D8EC40AB} = {AC3409AA-701E-4EF2-971E-FD1622B2EE92}
	EndGlobalSection
EndGlobal
